// !$*UTF8*$!
{
	archiveVersion = 1;
	classes = {
	};
	objectVersion = 55;
	objects = {

/* Begin PBXBuildFile section */
		444AF12A286A504D0028EDB8 /* AppDelegate.m in Sources */ = {isa = PBXBuildFile; fileRef = 444AF129286A504D0028EDB8 /* AppDelegate.m */; };
		444AF12D286A504D0028EDB8 /* SceneDelegate.m in Sources */ = {isa = PBXBuildFile; fileRef = 444AF12C286A504D0028EDB8 /* SceneDelegate.m */; };
		444AF130286A504D0028EDB8 /* ViewController.m in Sources */ = {isa = PBXBuildFile; fileRef = 444AF12F286A504D0028EDB8 /* ViewController.m */; };
		444AF133286A504D0028EDB8 /* Main.storyboard in Resources */ = {isa = PBXBuildFile; fileRef = 444AF131286A504D0028EDB8 /* Main.storyboard */; };
		444AF135286A504E0028EDB8 /* Assets.xcassets in Resources */ = {isa = PBXBuildFile; fileRef = 444AF134286A504E0028EDB8 /* Assets.xcassets */; };
		444AF138286A504E0028EDB8 /* LaunchScreen.storyboard in Resources */ = {isa = PBXBuildFile; fileRef = 444AF136286A504E0028EDB8 /* LaunchScreen.storyboard */; };
		444AF13B286A504E0028EDB8 /* main.m in Sources */ = {isa = PBXBuildFile; fileRef = 444AF13A286A504E0028EDB8 /* main.m */; };
		444AF145286A504E0028EDB8 /* Parse_GramTests.m in Sources */ = {isa = PBXBuildFile; fileRef = 444AF144286A504E0028EDB8 /* Parse_GramTests.m */; };
		444AF14F286A504E0028EDB8 /* Parse_GramUITests.m in Sources */ = {isa = PBXBuildFile; fileRef = 444AF14E286A504E0028EDB8 /* Parse_GramUITests.m */; };
		444AF151286A504E0028EDB8 /* Parse_GramUITestsLaunchTests.m in Sources */ = {isa = PBXBuildFile; fileRef = 444AF150286A504E0028EDB8 /* Parse_GramUITestsLaunchTests.m */; };
		44C2A3D6286BAF800061DCAF /* HomeViewController.m in Sources */ = {isa = PBXBuildFile; fileRef = 44C2A3D5286BAF800061DCAF /* HomeViewController.m */; };
		44C2A3D9286CE9870061DCAF /* PostViewController.m in Sources */ = {isa = PBXBuildFile; fileRef = 44C2A3D8286CE9870061DCAF /* PostViewController.m */; };
		44C2A3DC286D05BA0061DCAF /* Post.m in Sources */ = {isa = PBXBuildFile; fileRef = 44C2A3DB286D05BA0061DCAF /* Post.m */; };
		44C2A3DF286D1DBB0061DCAF /* PostCell.m in Sources */ = {isa = PBXBuildFile; fileRef = 44C2A3DE286D1DBB0061DCAF /* PostCell.m */; };
		4FC9721C7E61AA08E15EB427 /* libPods-Parse GramTests.a in Frameworks */ = {isa = PBXBuildFile; fileRef = FD02E896F05DDF000A0AC586 /* libPods-Parse GramTests.a */; };
		86E58575D16F960A49E4A99A /* libPods-Parse Gram.a in Frameworks */ = {isa = PBXBuildFile; fileRef = F80AE5844521BA70842BCF2C /* libPods-Parse Gram.a */; };
		CB818799507E70CDE7BF5E21 /* libPods-Parse Gram-Parse GramUITests.a in Frameworks */ = {isa = PBXBuildFile; fileRef = 052752FC3390C3B7B8B1642E /* libPods-Parse Gram-Parse GramUITests.a */; };
/* End PBXBuildFile section */

/* Begin PBXContainerItemProxy section */
		444AF141286A504E0028EDB8 /* PBXContainerItemProxy */ = {
			isa = PBXContainerItemProxy;
			containerPortal = 444AF11D286A504D0028EDB8 /* Project object */;
			proxyType = 1;
			remoteGlobalIDString = 444AF124286A504D0028EDB8;
			remoteInfo = "Parse Gram";
		};
		444AF14B286A504E0028EDB8 /* PBXContainerItemProxy */ = {
			isa = PBXContainerItemProxy;
			containerPortal = 444AF11D286A504D0028EDB8 /* Project object */;
			proxyType = 1;
			remoteGlobalIDString = 444AF124286A504D0028EDB8;
			remoteInfo = "Parse Gram";
		};
/* End PBXContainerItemProxy section */

/* Begin PBXFileReference section */
		052752FC3390C3B7B8B1642E /* libPods-Parse Gram-Parse GramUITests.a */ = {isa = PBXFileReference; explicitFileType = archive.ar; includeInIndex = 0; path = "libPods-Parse Gram-Parse GramUITests.a"; sourceTree = BUILT_PRODUCTS_DIR; };
		3F69B3BC1ECF7056927FBA9F /* Pods-Parse Gram.debug.xcconfig */ = {isa = PBXFileReference; includeInIndex = 1; lastKnownFileType = text.xcconfig; name = "Pods-Parse Gram.debug.xcconfig"; path = "Target Support Files/Pods-Parse Gram/Pods-Parse Gram.debug.xcconfig"; sourceTree = "<group>"; };
		444AF125286A504D0028EDB8 /* Parse Gram.app */ = {isa = PBXFileReference; explicitFileType = wrapper.application; includeInIndex = 0; path = "Parse Gram.app"; sourceTree = BUILT_PRODUCTS_DIR; };
		444AF128286A504D0028EDB8 /* AppDelegate.h */ = {isa = PBXFileReference; lastKnownFileType = sourcecode.c.h; path = AppDelegate.h; sourceTree = "<group>"; };
		444AF129286A504D0028EDB8 /* AppDelegate.m */ = {isa = PBXFileReference; lastKnownFileType = sourcecode.c.objc; path = AppDelegate.m; sourceTree = "<group>"; };
		444AF12B286A504D0028EDB8 /* SceneDelegate.h */ = {isa = PBXFileReference; lastKnownFileType = sourcecode.c.h; path = SceneDelegate.h; sourceTree = "<group>"; };
		444AF12C286A504D0028EDB8 /* SceneDelegate.m */ = {isa = PBXFileReference; lastKnownFileType = sourcecode.c.objc; path = SceneDelegate.m; sourceTree = "<group>"; };
		444AF12E286A504D0028EDB8 /* ViewController.h */ = {isa = PBXFileReference; lastKnownFileType = sourcecode.c.h; path = ViewController.h; sourceTree = "<group>"; };
		444AF12F286A504D0028EDB8 /* ViewController.m */ = {isa = PBXFileReference; lastKnownFileType = sourcecode.c.objc; path = ViewController.m; sourceTree = "<group>"; };
		444AF132286A504D0028EDB8 /* Base */ = {isa = PBXFileReference; lastKnownFileType = file.storyboard; name = Base; path = Base.lproj/Main.storyboard; sourceTree = "<group>"; };
		444AF134286A504E0028EDB8 /* Assets.xcassets */ = {isa = PBXFileReference; lastKnownFileType = folder.assetcatalog; path = Assets.xcassets; sourceTree = "<group>"; };
		444AF137286A504E0028EDB8 /* Base */ = {isa = PBXFileReference; lastKnownFileType = file.storyboard; name = Base; path = Base.lproj/LaunchScreen.storyboard; sourceTree = "<group>"; };
		444AF139286A504E0028EDB8 /* Info.plist */ = {isa = PBXFileReference; lastKnownFileType = text.plist.xml; path = Info.plist; sourceTree = "<group>"; };
		444AF13A286A504E0028EDB8 /* main.m */ = {isa = PBXFileReference; lastKnownFileType = sourcecode.c.objc; path = main.m; sourceTree = "<group>"; };
		444AF140286A504E0028EDB8 /* Parse GramTests.xctest */ = {isa = PBXFileReference; explicitFileType = wrapper.cfbundle; includeInIndex = 0; path = "Parse GramTests.xctest"; sourceTree = BUILT_PRODUCTS_DIR; };
		444AF144286A504E0028EDB8 /* Parse_GramTests.m */ = {isa = PBXFileReference; lastKnownFileType = sourcecode.c.objc; path = Parse_GramTests.m; sourceTree = "<group>"; };
		444AF14A286A504E0028EDB8 /* Parse GramUITests.xctest */ = {isa = PBXFileReference; explicitFileType = wrapper.cfbundle; includeInIndex = 0; path = "Parse GramUITests.xctest"; sourceTree = BUILT_PRODUCTS_DIR; };
		444AF14E286A504E0028EDB8 /* Parse_GramUITests.m */ = {isa = PBXFileReference; lastKnownFileType = sourcecode.c.objc; path = Parse_GramUITests.m; sourceTree = "<group>"; };
		444AF150286A504E0028EDB8 /* Parse_GramUITestsLaunchTests.m */ = {isa = PBXFileReference; lastKnownFileType = sourcecode.c.objc; path = Parse_GramUITestsLaunchTests.m; sourceTree = "<group>"; };
		44C2A3D4286BAF800061DCAF /* HomeViewController.h */ = {isa = PBXFileReference; lastKnownFileType = sourcecode.c.h; path = HomeViewController.h; sourceTree = "<group>"; };
		44C2A3D5286BAF800061DCAF /* HomeViewController.m */ = {isa = PBXFileReference; lastKnownFileType = sourcecode.c.objc; path = HomeViewController.m; sourceTree = "<group>"; };
		44C2A3D7286CE9870061DCAF /* PostViewController.h */ = {isa = PBXFileReference; lastKnownFileType = sourcecode.c.h; path = PostViewController.h; sourceTree = "<group>"; };
		44C2A3D8286CE9870061DCAF /* PostViewController.m */ = {isa = PBXFileReference; lastKnownFileType = sourcecode.c.objc; path = PostViewController.m; sourceTree = "<group>"; };
		44C2A3DA286D05BA0061DCAF /* Post.h */ = {isa = PBXFileReference; lastKnownFileType = sourcecode.c.h; path = Post.h; sourceTree = "<group>"; };
		44C2A3DB286D05BA0061DCAF /* Post.m */ = {isa = PBXFileReference; lastKnownFileType = sourcecode.c.objc; path = Post.m; sourceTree = "<group>"; };
		44C2A3DD286D1DBB0061DCAF /* PostCell.h */ = {isa = PBXFileReference; lastKnownFileType = sourcecode.c.h; path = PostCell.h; sourceTree = "<group>"; };
		44C2A3DE286D1DBB0061DCAF /* PostCell.m */ = {isa = PBXFileReference; lastKnownFileType = sourcecode.c.objc; path = PostCell.m; sourceTree = "<group>"; };
		4A409BCC08C94BDDE505C559 /* Pods-Parse Gram-Parse GramUITests.debug.xcconfig */ = {isa = PBXFileReference; includeInIndex = 1; lastKnownFileType = text.xcconfig; name = "Pods-Parse Gram-Parse GramUITests.debug.xcconfig"; path = "Target Support Files/Pods-Parse Gram-Parse GramUITests/Pods-Parse Gram-Parse GramUITests.debug.xcconfig"; sourceTree = "<group>"; };
		6DE14F3ACFA514BD1397A05B /* Pods-Parse GramTests.release.xcconfig */ = {isa = PBXFileReference; includeInIndex = 1; lastKnownFileType = text.xcconfig; name = "Pods-Parse GramTests.release.xcconfig"; path = "Target Support Files/Pods-Parse GramTests/Pods-Parse GramTests.release.xcconfig"; sourceTree = "<group>"; };
		75F3AC8137955EDF1AC48C16 /* Pods-Parse Gram-Parse GramUITests.release.xcconfig */ = {isa = PBXFileReference; includeInIndex = 1; lastKnownFileType = text.xcconfig; name = "Pods-Parse Gram-Parse GramUITests.release.xcconfig"; path = "Target Support Files/Pods-Parse Gram-Parse GramUITests/Pods-Parse Gram-Parse GramUITests.release.xcconfig"; sourceTree = "<group>"; };
		C7842401936DAEC67090B1F0 /* Pods-Parse Gram.release.xcconfig */ = {isa = PBXFileReference; includeInIndex = 1; lastKnownFileType = text.xcconfig; name = "Pods-Parse Gram.release.xcconfig"; path = "Target Support Files/Pods-Parse Gram/Pods-Parse Gram.release.xcconfig"; sourceTree = "<group>"; };
		D20838E39AFD4F19D76F720C /* Pods-Parse GramTests.debug.xcconfig */ = {isa = PBXFileReference; includeInIndex = 1; lastKnownFileType = text.xcconfig; name = "Pods-Parse GramTests.debug.xcconfig"; path = "Target Support Files/Pods-Parse GramTests/Pods-Parse GramTests.debug.xcconfig"; sourceTree = "<group>"; };
		F80AE5844521BA70842BCF2C /* libPods-Parse Gram.a */ = {isa = PBXFileReference; explicitFileType = archive.ar; includeInIndex = 0; path = "libPods-Parse Gram.a"; sourceTree = BUILT_PRODUCTS_DIR; };
		FD02E896F05DDF000A0AC586 /* libPods-Parse GramTests.a */ = {isa = PBXFileReference; explicitFileType = archive.ar; includeInIndex = 0; path = "libPods-Parse GramTests.a"; sourceTree = BUILT_PRODUCTS_DIR; };
/* End PBXFileReference section */

/* Begin PBXFrameworksBuildPhase section */
		444AF122286A504D0028EDB8 /* Frameworks */ = {
			isa = PBXFrameworksBuildPhase;
			buildActionMask = 2147483647;
			files = (
				86E58575D16F960A49E4A99A /* libPods-Parse Gram.a in Frameworks */,
			);
			runOnlyForDeploymentPostprocessing = 0;
		};
		444AF13D286A504E0028EDB8 /* Frameworks */ = {
			isa = PBXFrameworksBuildPhase;
			buildActionMask = 2147483647;
			files = (
				4FC9721C7E61AA08E15EB427 /* libPods-Parse GramTests.a in Frameworks */,
			);
			runOnlyForDeploymentPostprocessing = 0;
		};
		444AF147286A504E0028EDB8 /* Frameworks */ = {
			isa = PBXFrameworksBuildPhase;
			buildActionMask = 2147483647;
			files = (
				CB818799507E70CDE7BF5E21 /* libPods-Parse Gram-Parse GramUITests.a in Frameworks */,
			);
			runOnlyForDeploymentPostprocessing = 0;
		};
/* End PBXFrameworksBuildPhase section */

/* Begin PBXGroup section */
		051AC71FB1AB2A36A53CF304 /* Pods */ = {
			isa = PBXGroup;
			children = (
				3F69B3BC1ECF7056927FBA9F /* Pods-Parse Gram.debug.xcconfig */,
				C7842401936DAEC67090B1F0 /* Pods-Parse Gram.release.xcconfig */,
				4A409BCC08C94BDDE505C559 /* Pods-Parse Gram-Parse GramUITests.debug.xcconfig */,
				75F3AC8137955EDF1AC48C16 /* Pods-Parse Gram-Parse GramUITests.release.xcconfig */,
				D20838E39AFD4F19D76F720C /* Pods-Parse GramTests.debug.xcconfig */,
				6DE14F3ACFA514BD1397A05B /* Pods-Parse GramTests.release.xcconfig */,
			);
			path = Pods;
			sourceTree = "<group>";
		};
		444AF11C286A504D0028EDB8 = {
			isa = PBXGroup;
			children = (
				444AF127286A504D0028EDB8 /* Parse Gram */,
				444AF143286A504E0028EDB8 /* Parse GramTests */,
				444AF14D286A504E0028EDB8 /* Parse GramUITests */,
				444AF126286A504D0028EDB8 /* Products */,
				051AC71FB1AB2A36A53CF304 /* Pods */,
				C052717E26ACC47DACB47657 /* Frameworks */,
			);
			sourceTree = "<group>";
		};
		444AF126286A504D0028EDB8 /* Products */ = {
			isa = PBXGroup;
			children = (
				444AF125286A504D0028EDB8 /* Parse Gram.app */,
				444AF140286A504E0028EDB8 /* Parse GramTests.xctest */,
				444AF14A286A504E0028EDB8 /* Parse GramUITests.xctest */,
			);
			name = Products;
			sourceTree = "<group>";
		};
		444AF127286A504D0028EDB8 /* Parse Gram */ = {
			isa = PBXGroup;
			children = (
				444AF128286A504D0028EDB8 /* AppDelegate.h */,
				444AF129286A504D0028EDB8 /* AppDelegate.m */,
				444AF12B286A504D0028EDB8 /* SceneDelegate.h */,
				444AF12C286A504D0028EDB8 /* SceneDelegate.m */,
				444AF12E286A504D0028EDB8 /* ViewController.h */,
				444AF12F286A504D0028EDB8 /* ViewController.m */,
				444AF131286A504D0028EDB8 /* Main.storyboard */,
				44C2A3DA286D05BA0061DCAF /* Post.h */,
				44C2A3DB286D05BA0061DCAF /* Post.m */,
				44C2A3DD286D1DBB0061DCAF /* PostCell.h */,
				44C2A3DE286D1DBB0061DCAF /* PostCell.m */,
				44C2A3D7286CE9870061DCAF /* PostViewController.h */,
				44C2A3D8286CE9870061DCAF /* PostViewController.m */,
				44C2A3D4286BAF800061DCAF /* HomeViewController.h */,
				44C2A3D5286BAF800061DCAF /* HomeViewController.m */,
				444AF134286A504E0028EDB8 /* Assets.xcassets */,
				444AF136286A504E0028EDB8 /* LaunchScreen.storyboard */,
				444AF139286A504E0028EDB8 /* Info.plist */,
				444AF13A286A504E0028EDB8 /* main.m */,
			);
			path = "Parse Gram";
			sourceTree = "<group>";
		};
		444AF143286A504E0028EDB8 /* Parse GramTests */ = {
			isa = PBXGroup;
			children = (
				444AF144286A504E0028EDB8 /* Parse_GramTests.m */,
			);
			path = "Parse GramTests";
			sourceTree = "<group>";
		};
		444AF14D286A504E0028EDB8 /* Parse GramUITests */ = {
			isa = PBXGroup;
			children = (
				444AF14E286A504E0028EDB8 /* Parse_GramUITests.m */,
				444AF150286A504E0028EDB8 /* Parse_GramUITestsLaunchTests.m */,
			);
			path = "Parse GramUITests";
			sourceTree = "<group>";
		};
		C052717E26ACC47DACB47657 /* Frameworks */ = {
			isa = PBXGroup;
			children = (
				F80AE5844521BA70842BCF2C /* libPods-Parse Gram.a */,
				052752FC3390C3B7B8B1642E /* libPods-Parse Gram-Parse GramUITests.a */,
				FD02E896F05DDF000A0AC586 /* libPods-Parse GramTests.a */,
			);
			name = Frameworks;
			sourceTree = "<group>";
		};
/* End PBXGroup section */

/* Begin PBXNativeTarget section */
		444AF124286A504D0028EDB8 /* Parse Gram */ = {
			isa = PBXNativeTarget;
			buildConfigurationList = 444AF154286A504E0028EDB8 /* Build configuration list for PBXNativeTarget "Parse Gram" */;
			buildPhases = (
				89C59DAC582CB899A860E57E /* [CP] Check Pods Manifest.lock */,
				444AF121286A504D0028EDB8 /* Sources */,
				444AF122286A504D0028EDB8 /* Frameworks */,
				444AF123286A504D0028EDB8 /* Resources */,
				E2B36696E2C4A3101A68EB57 /* [CP] Copy Pods Resources */,
			);
			buildRules = (
			);
			dependencies = (
			);
			name = "Parse Gram";
			productName = "Parse Gram";
			productReference = 444AF125286A504D0028EDB8 /* Parse Gram.app */;
			productType = "com.apple.product-type.application";
		};
		444AF13F286A504E0028EDB8 /* Parse GramTests */ = {
			isa = PBXNativeTarget;
			buildConfigurationList = 444AF157286A504E0028EDB8 /* Build configuration list for PBXNativeTarget "Parse GramTests" */;
			buildPhases = (
				A8BC333AB21CA29D93462888 /* [CP] Check Pods Manifest.lock */,
				444AF13C286A504E0028EDB8 /* Sources */,
				444AF13D286A504E0028EDB8 /* Frameworks */,
				444AF13E286A504E0028EDB8 /* Resources */,
			);
			buildRules = (
			);
			dependencies = (
				444AF142286A504E0028EDB8 /* PBXTargetDependency */,
			);
			name = "Parse GramTests";
			productName = "Parse GramTests";
			productReference = 444AF140286A504E0028EDB8 /* Parse GramTests.xctest */;
			productType = "com.apple.product-type.bundle.unit-test";
		};
		444AF149286A504E0028EDB8 /* Parse GramUITests */ = {
			isa = PBXNativeTarget;
			buildConfigurationList = 444AF15A286A504E0028EDB8 /* Build configuration list for PBXNativeTarget "Parse GramUITests" */;
			buildPhases = (
				713EC67057ABBDFD59103F4E /* [CP] Check Pods Manifest.lock */,
				444AF146286A504E0028EDB8 /* Sources */,
				444AF147286A504E0028EDB8 /* Frameworks */,
				444AF148286A504E0028EDB8 /* Resources */,
				0611EBE57611EA71D9BA21C7 /* [CP] Copy Pods Resources */,
			);
			buildRules = (
			);
			dependencies = (
				444AF14C286A504E0028EDB8 /* PBXTargetDependency */,
			);
			name = "Parse GramUITests";
			productName = "Parse GramUITests";
			productReference = 444AF14A286A504E0028EDB8 /* Parse GramUITests.xctest */;
			productType = "com.apple.product-type.bundle.ui-testing";
		};
/* End PBXNativeTarget section */

/* Begin PBXProject section */
		444AF11D286A504D0028EDB8 /* Project object */ = {
			isa = PBXProject;
			attributes = {
				BuildIndependentTargetsInParallel = 1;
				LastUpgradeCheck = 1340;
				TargetAttributes = {
					444AF124286A504D0028EDB8 = {
						CreatedOnToolsVersion = 13.4.1;
					};
					444AF13F286A504E0028EDB8 = {
						CreatedOnToolsVersion = 13.4.1;
						TestTargetID = 444AF124286A504D0028EDB8;
					};
					444AF149286A504E0028EDB8 = {
						CreatedOnToolsVersion = 13.4.1;
						TestTargetID = 444AF124286A504D0028EDB8;
					};
				};
			};
			buildConfigurationList = 444AF120286A504D0028EDB8 /* Build configuration list for PBXProject "Parse Gram" */;
			compatibilityVersion = "Xcode 13.0";
			developmentRegion = en;
			hasScannedForEncodings = 0;
			knownRegions = (
				en,
				Base,
			);
			mainGroup = 444AF11C286A504D0028EDB8;
			productRefGroup = 444AF126286A504D0028EDB8 /* Products */;
			projectDirPath = "";
			projectRoot = "";
			targets = (
				444AF124286A504D0028EDB8 /* Parse Gram */,
				444AF13F286A504E0028EDB8 /* Parse GramTests */,
				444AF149286A504E0028EDB8 /* Parse GramUITests */,
			);
		};
/* End PBXProject section */

/* Begin PBXResourcesBuildPhase section */
		444AF123286A504D0028EDB8 /* Resources */ = {
			isa = PBXResourcesBuildPhase;
			buildActionMask = 2147483647;
			files = (
				444AF138286A504E0028EDB8 /* LaunchScreen.storyboard in Resources */,
				444AF135286A504E0028EDB8 /* Assets.xcassets in Resources */,
				444AF133286A504D0028EDB8 /* Main.storyboard in Resources */,
			);
			runOnlyForDeploymentPostprocessing = 0;
		};
		444AF13E286A504E0028EDB8 /* Resources */ = {
			isa = PBXResourcesBuildPhase;
			buildActionMask = 2147483647;
			files = (
			);
			runOnlyForDeploymentPostprocessing = 0;
		};
		444AF148286A504E0028EDB8 /* Resources */ = {
			isa = PBXResourcesBuildPhase;
			buildActionMask = 2147483647;
			files = (
			);
			runOnlyForDeploymentPostprocessing = 0;
		};
/* End PBXResourcesBuildPhase section */

/* Begin PBXShellScriptBuildPhase section */
		0611EBE57611EA71D9BA21C7 /* [CP] Copy Pods Resources */ = {
			isa = PBXShellScriptBuildPhase;
			buildActionMask = 2147483647;
			files = (
			);
			inputFileListPaths = (
				"${PODS_ROOT}/Target Support Files/Pods-Parse Gram-Parse GramUITests/Pods-Parse Gram-Parse GramUITests-resources-${CONFIGURATION}-input-files.xcfilelist",
			);
			name = "[CP] Copy Pods Resources";
			outputFileListPaths = (
				"${PODS_ROOT}/Target Support Files/Pods-Parse Gram-Parse GramUITests/Pods-Parse Gram-Parse GramUITests-resources-${CONFIGURATION}-output-files.xcfilelist",
			);
			runOnlyForDeploymentPostprocessing = 0;
			shellPath = /bin/sh;
			shellScript = "\"${PODS_ROOT}/Target Support Files/Pods-Parse Gram-Parse GramUITests/Pods-Parse Gram-Parse GramUITests-resources.sh\"\n";
			showEnvVarsInLog = 0;
		};
		713EC67057ABBDFD59103F4E /* [CP] Check Pods Manifest.lock */ = {
			isa = PBXShellScriptBuildPhase;
			buildActionMask = 2147483647;
			files = (
			);
			inputFileListPaths = (
			);
			inputPaths = (
				"${PODS_PODFILE_DIR_PATH}/Podfile.lock",
				"${PODS_ROOT}/Manifest.lock",
			);
			name = "[CP] Check Pods Manifest.lock";
			outputFileListPaths = (
			);
			outputPaths = (
				"$(DERIVED_FILE_DIR)/Pods-Parse Gram-Parse GramUITests-checkManifestLockResult.txt",
			);
			runOnlyForDeploymentPostprocessing = 0;
			shellPath = /bin/sh;
			shellScript = "diff \"${PODS_PODFILE_DIR_PATH}/Podfile.lock\" \"${PODS_ROOT}/Manifest.lock\" > /dev/null\nif [ $? != 0 ] ; then\n    # print error to STDERR\n    echo \"error: The sandbox is not in sync with the Podfile.lock. Run 'pod install' or update your CocoaPods installation.\" >&2\n    exit 1\nfi\n# This output is used by Xcode 'outputs' to avoid re-running this script phase.\necho \"SUCCESS\" > \"${SCRIPT_OUTPUT_FILE_0}\"\n";
			showEnvVarsInLog = 0;
		};
		89C59DAC582CB899A860E57E /* [CP] Check Pods Manifest.lock */ = {
			isa = PBXShellScriptBuildPhase;
			buildActionMask = 2147483647;
			files = (
			);
			inputFileListPaths = (
			);
			inputPaths = (
				"${PODS_PODFILE_DIR_PATH}/Podfile.lock",
				"${PODS_ROOT}/Manifest.lock",
			);
			name = "[CP] Check Pods Manifest.lock";
			outputFileListPaths = (
			);
			outputPaths = (
				"$(DERIVED_FILE_DIR)/Pods-Parse Gram-checkManifestLockResult.txt",
			);
			runOnlyForDeploymentPostprocessing = 0;
			shellPath = /bin/sh;
			shellScript = "diff \"${PODS_PODFILE_DIR_PATH}/Podfile.lock\" \"${PODS_ROOT}/Manifest.lock\" > /dev/null\nif [ $? != 0 ] ; then\n    # print error to STDERR\n    echo \"error: The sandbox is not in sync with the Podfile.lock. Run 'pod install' or update your CocoaPods installation.\" >&2\n    exit 1\nfi\n# This output is used by Xcode 'outputs' to avoid re-running this script phase.\necho \"SUCCESS\" > \"${SCRIPT_OUTPUT_FILE_0}\"\n";
			showEnvVarsInLog = 0;
		};
		A8BC333AB21CA29D93462888 /* [CP] Check Pods Manifest.lock */ = {
			isa = PBXShellScriptBuildPhase;
			buildActionMask = 2147483647;
			files = (
			);
			inputFileListPaths = (
			);
			inputPaths = (
				"${PODS_PODFILE_DIR_PATH}/Podfile.lock",
				"${PODS_ROOT}/Manifest.lock",
			);
			name = "[CP] Check Pods Manifest.lock";
			outputFileListPaths = (
			);
			outputPaths = (
				"$(DERIVED_FILE_DIR)/Pods-Parse GramTests-checkManifestLockResult.txt",
			);
			runOnlyForDeploymentPostprocessing = 0;
			shellPath = /bin/sh;
			shellScript = "diff \"${PODS_PODFILE_DIR_PATH}/Podfile.lock\" \"${PODS_ROOT}/Manifest.lock\" > /dev/null\nif [ $? != 0 ] ; then\n    # print error to STDERR\n    echo \"error: The sandbox is not in sync with the Podfile.lock. Run 'pod install' or update your CocoaPods installation.\" >&2\n    exit 1\nfi\n# This output is used by Xcode 'outputs' to avoid re-running this script phase.\necho \"SUCCESS\" > \"${SCRIPT_OUTPUT_FILE_0}\"\n";
			showEnvVarsInLog = 0;
		};
		E2B36696E2C4A3101A68EB57 /* [CP] Copy Pods Resources */ = {
			isa = PBXShellScriptBuildPhase;
			buildActionMask = 2147483647;
			files = (
			);
			inputFileListPaths = (
				"${PODS_ROOT}/Target Support Files/Pods-Parse Gram/Pods-Parse Gram-resources-${CONFIGURATION}-input-files.xcfilelist",
			);
			name = "[CP] Copy Pods Resources";
			outputFileListPaths = (
				"${PODS_ROOT}/Target Support Files/Pods-Parse Gram/Pods-Parse Gram-resources-${CONFIGURATION}-output-files.xcfilelist",
			);
			runOnlyForDeploymentPostprocessing = 0;
			shellPath = /bin/sh;
			shellScript = "\"${PODS_ROOT}/Target Support Files/Pods-Parse Gram/Pods-Parse Gram-resources.sh\"\n";
			showEnvVarsInLog = 0;
		};
/* End PBXShellScriptBuildPhase section */

/* Begin PBXSourcesBuildPhase section */
		444AF121286A504D0028EDB8 /* Sources */ = {
			isa = PBXSourcesBuildPhase;
			buildActionMask = 2147483647;
			files = (
				444AF130286A504D0028EDB8 /* ViewController.m in Sources */,
				444AF12A286A504D0028EDB8 /* AppDelegate.m in Sources */,
				44C2A3D9286CE9870061DCAF /* PostViewController.m in Sources */,
				44C2A3DF286D1DBB0061DCAF /* PostCell.m in Sources */,
				444AF13B286A504E0028EDB8 /* main.m in Sources */,
				44C2A3D6286BAF800061DCAF /* HomeViewController.m in Sources */,
				444AF12D286A504D0028EDB8 /* SceneDelegate.m in Sources */,
				44C2A3DC286D05BA0061DCAF /* Post.m in Sources */,
			);
			runOnlyForDeploymentPostprocessing = 0;
		};
		444AF13C286A504E0028EDB8 /* Sources */ = {
			isa = PBXSourcesBuildPhase;
			buildActionMask = 2147483647;
			files = (
				444AF145286A504E0028EDB8 /* Parse_GramTests.m in Sources */,
			);
			runOnlyForDeploymentPostprocessing = 0;
		};
		444AF146286A504E0028EDB8 /* Sources */ = {
			isa = PBXSourcesBuildPhase;
			buildActionMask = 2147483647;
			files = (
				444AF14F286A504E0028EDB8 /* Parse_GramUITests.m in Sources */,
				444AF151286A504E0028EDB8 /* Parse_GramUITestsLaunchTests.m in Sources */,
			);
			runOnlyForDeploymentPostprocessing = 0;
		};
/* End PBXSourcesBuildPhase section */

/* Begin PBXTargetDependency section */
		444AF142286A504E0028EDB8 /* PBXTargetDependency */ = {
			isa = PBXTargetDependency;
			target = 444AF124286A504D0028EDB8 /* Parse Gram */;
			targetProxy = 444AF141286A504E0028EDB8 /* PBXContainerItemProxy */;
		};
		444AF14C286A504E0028EDB8 /* PBXTargetDependency */ = {
			isa = PBXTargetDependency;
			target = 444AF124286A504D0028EDB8 /* Parse Gram */;
			targetProxy = 444AF14B286A504E0028EDB8 /* PBXContainerItemProxy */;
		};
/* End PBXTargetDependency section */

/* Begin PBXVariantGroup section */
		444AF131286A504D0028EDB8 /* Main.storyboard */ = {
			isa = PBXVariantGroup;
			children = (
				444AF132286A504D0028EDB8 /* Base */,
			);
			name = Main.storyboard;
			sourceTree = "<group>";
		};
		444AF136286A504E0028EDB8 /* LaunchScreen.storyboard */ = {
			isa = PBXVariantGroup;
			children = (
				444AF137286A504E0028EDB8 /* Base */,
			);
			name = LaunchScreen.storyboard;
			sourceTree = "<group>";
		};
/* End PBXVariantGroup section */

/* Begin XCBuildConfiguration section */
		444AF152286A504E0028EDB8 /* Debug */ = {
			isa = XCBuildConfiguration;
			buildSettings = {
				ALWAYS_SEARCH_USER_PATHS = NO;
				CLANG_ANALYZER_NONNULL = YES;
				CLANG_ANALYZER_NUMBER_OBJECT_CONVERSION = YES_AGGRESSIVE;
				CLANG_CXX_LANGUAGE_STANDARD = "gnu++17";
				CLANG_ENABLE_MODULES = YES;
				CLANG_ENABLE_OBJC_ARC = YES;
				CLANG_ENABLE_OBJC_WEAK = YES;
				CLANG_WARN_BLOCK_CAPTURE_AUTORELEASING = YES;
				CLANG_WARN_BOOL_CONVERSION = YES;
				CLANG_WARN_COMMA = YES;
				CLANG_WARN_CONSTANT_CONVERSION = YES;
				CLANG_WARN_DEPRECATED_OBJC_IMPLEMENTATIONS = YES;
				CLANG_WARN_DIRECT_OBJC_ISA_USAGE = YES_ERROR;
				CLANG_WARN_DOCUMENTATION_COMMENTS = YES;
				CLANG_WARN_EMPTY_BODY = YES;
				CLANG_WARN_ENUM_CONVERSION = YES;
				CLANG_WARN_INFINITE_RECURSION = YES;
				CLANG_WARN_INT_CONVERSION = YES;
				CLANG_WARN_NON_LITERAL_NULL_CONVERSION = YES;
				CLANG_WARN_OBJC_IMPLICIT_RETAIN_SELF = YES;
				CLANG_WARN_OBJC_LITERAL_CONVERSION = YES;
				CLANG_WARN_OBJC_ROOT_CLASS = YES_ERROR;
				CLANG_WARN_QUOTED_INCLUDE_IN_FRAMEWORK_HEADER = YES;
				CLANG_WARN_RANGE_LOOP_ANALYSIS = YES;
				CLANG_WARN_STRICT_PROTOTYPES = YES;
				CLANG_WARN_SUSPICIOUS_MOVE = YES;
				CLANG_WARN_UNGUARDED_AVAILABILITY = YES_AGGRESSIVE;
				CLANG_WARN_UNREACHABLE_CODE = YES;
				CLANG_WARN__DUPLICATE_METHOD_MATCH = YES;
				COPY_PHASE_STRIP = NO;
				DEBUG_INFORMATION_FORMAT = dwarf;
				ENABLE_STRICT_OBJC_MSGSEND = YES;
				ENABLE_TESTABILITY = YES;
				GCC_C_LANGUAGE_STANDARD = gnu11;
				GCC_DYNAMIC_NO_PIC = NO;
				GCC_NO_COMMON_BLOCKS = YES;
				GCC_OPTIMIZATION_LEVEL = 0;
				GCC_PREPROCESSOR_DEFINITIONS = (
					"DEBUG=1",
					"$(inherited)",
				);
				GCC_WARN_64_TO_32_BIT_CONVERSION = YES;
				GCC_WARN_ABOUT_RETURN_TYPE = YES_ERROR;
				GCC_WARN_UNDECLARED_SELECTOR = YES;
				GCC_WARN_UNINITIALIZED_AUTOS = YES_AGGRESSIVE;
				GCC_WARN_UNUSED_FUNCTION = YES;
				GCC_WARN_UNUSED_VARIABLE = YES;
				IPHONEOS_DEPLOYMENT_TARGET = 15.5;
				MTL_ENABLE_DEBUG_INFO = INCLUDE_SOURCE;
				MTL_FAST_MATH = YES;
				ONLY_ACTIVE_ARCH = YES;
				SDKROOT = iphoneos;
			};
			name = Debug;
		};
		444AF153286A504E0028EDB8 /* Release */ = {
			isa = XCBuildConfiguration;
			buildSettings = {
				ALWAYS_SEARCH_USER_PATHS = NO;
				CLANG_ANALYZER_NONNULL = YES;
				CLANG_ANALYZER_NUMBER_OBJECT_CONVERSION = YES_AGGRESSIVE;
				CLANG_CXX_LANGUAGE_STANDARD = "gnu++17";
				CLANG_ENABLE_MODULES = YES;
				CLANG_ENABLE_OBJC_ARC = YES;
				CLANG_ENABLE_OBJC_WEAK = YES;
				CLANG_WARN_BLOCK_CAPTURE_AUTORELEASING = YES;
				CLANG_WARN_BOOL_CONVERSION = YES;
				CLANG_WARN_COMMA = YES;
				CLANG_WARN_CONSTANT_CONVERSION = YES;
				CLANG_WARN_DEPRECATED_OBJC_IMPLEMENTATIONS = YES;
				CLANG_WARN_DIRECT_OBJC_ISA_USAGE = YES_ERROR;
				CLANG_WARN_DOCUMENTATION_COMMENTS = YES;
				CLANG_WARN_EMPTY_BODY = YES;
				CLANG_WARN_ENUM_CONVERSION = YES;
				CLANG_WARN_INFINITE_RECURSION = YES;
				CLANG_WARN_INT_CONVERSION = YES;
				CLANG_WARN_NON_LITERAL_NULL_CONVERSION = YES;
				CLANG_WARN_OBJC_IMPLICIT_RETAIN_SELF = YES;
				CLANG_WARN_OBJC_LITERAL_CONVERSION = YES;
				CLANG_WARN_OBJC_ROOT_CLASS = YES_ERROR;
				CLANG_WARN_QUOTED_INCLUDE_IN_FRAMEWORK_HEADER = YES;
				CLANG_WARN_RANGE_LOOP_ANALYSIS = YES;
				CLANG_WARN_STRICT_PROTOTYPES = YES;
				CLANG_WARN_SUSPICIOUS_MOVE = YES;
				CLANG_WARN_UNGUARDED_AVAILABILITY = YES_AGGRESSIVE;
				CLANG_WARN_UNREACHABLE_CODE = YES;
				CLANG_WARN__DUPLICATE_METHOD_MATCH = YES;
				COPY_PHASE_STRIP = NO;
				DEBUG_INFORMATION_FORMAT = "dwarf-with-dsym";
				ENABLE_NS_ASSERTIONS = NO;
				ENABLE_STRICT_OBJC_MSGSEND = YES;
				GCC_C_LANGUAGE_STANDARD = gnu11;
				GCC_NO_COMMON_BLOCKS = YES;
				GCC_WARN_64_TO_32_BIT_CONVERSION = YES;
				GCC_WARN_ABOUT_RETURN_TYPE = YES_ERROR;
				GCC_WARN_UNDECLARED_SELECTOR = YES;
				GCC_WARN_UNINITIALIZED_AUTOS = YES_AGGRESSIVE;
				GCC_WARN_UNUSED_FUNCTION = YES;
				GCC_WARN_UNUSED_VARIABLE = YES;
				IPHONEOS_DEPLOYMENT_TARGET = 15.5;
				MTL_ENABLE_DEBUG_INFO = NO;
				MTL_FAST_MATH = YES;
				SDKROOT = iphoneos;
				VALIDATE_PRODUCT = YES;
			};
			name = Release;
		};
		444AF155286A504E0028EDB8 /* Debug */ = {
			isa = XCBuildConfiguration;
			baseConfigurationReference = 3F69B3BC1ECF7056927FBA9F /* Pods-Parse Gram.debug.xcconfig */;
			buildSettings = {
				ASSETCATALOG_COMPILER_APPICON_NAME = AppIcon;
				ASSETCATALOG_COMPILER_GLOBAL_ACCENT_COLOR_NAME = AccentColor;
				CODE_SIGN_STYLE = Automatic;
				CURRENT_PROJECT_VERSION = 1;
				GENERATE_INFOPLIST_FILE = YES;
				INFOPLIST_FILE = "Parse Gram/Info.plist";
				INFOPLIST_KEY_UIApplicationSupportsIndirectInputEvents = YES;
				INFOPLIST_KEY_UILaunchStoryboardName = LaunchScreen;
				INFOPLIST_KEY_UIMainStoryboardFile = Main;
				INFOPLIST_KEY_UISupportedInterfaceOrientations_iPad = "UIInterfaceOrientationPortrait UIInterfaceOrientationPortraitUpsideDown UIInterfaceOrientationLandscapeLeft UIInterfaceOrientationLandscapeRight";
				INFOPLIST_KEY_UISupportedInterfaceOrientations_iPhone = "UIInterfaceOrientationPortrait UIInterfaceOrientationLandscapeLeft UIInterfaceOrientationLandscapeRight";
				LD_RUNPATH_SEARCH_PATHS = (
					"$(inherited)",
					"@executable_path/Frameworks",
				);
				MARKETING_VERSION = 1.0;
				PRODUCT_BUNDLE_IDENTIFIER = "com.codepath.Parse-Gram";
				PRODUCT_NAME = "$(TARGET_NAME)";
				SWIFT_EMIT_LOC_STRINGS = YES;
				TARGETED_DEVICE_FAMILY = "1,2";
			};
			name = Debug;
		};
		444AF156286A504E0028EDB8 /* Release */ = {
			isa = XCBuildConfiguration;
			baseConfigurationReference = C7842401936DAEC67090B1F0 /* Pods-Parse Gram.release.xcconfig */;
			buildSettings = {
				ASSETCATALOG_COMPILER_APPICON_NAME = AppIcon;
				ASSETCATALOG_COMPILER_GLOBAL_ACCENT_COLOR_NAME = AccentColor;
				CODE_SIGN_STYLE = Automatic;
				CURRENT_PROJECT_VERSION = 1;
				GENERATE_INFOPLIST_FILE = YES;
				INFOPLIST_FILE = "Parse Gram/Info.plist";
				INFOPLIST_KEY_UIApplicationSupportsIndirectInputEvents = YES;
				INFOPLIST_KEY_UILaunchStoryboardName = LaunchScreen;
				INFOPLIST_KEY_UIMainStoryboardFile = Main;
				INFOPLIST_KEY_UISupportedInterfaceOrientations_iPad = "UIInterfaceOrientationPortrait UIInterfaceOrientationPortraitUpsideDown UIInterfaceOrientationLandscapeLeft UIInterfaceOrientationLandscapeRight";
				INFOPLIST_KEY_UISupportedInterfaceOrientations_iPhone = "UIInterfaceOrientationPortrait UIInterfaceOrientationLandscapeLeft UIInterfaceOrientationLandscapeRight";
				LD_RUNPATH_SEARCH_PATHS = (
					"$(inherited)",
					"@executable_path/Frameworks",
				);
				MARKETING_VERSION = 1.0;
				PRODUCT_BUNDLE_IDENTIFIER = "com.codepath.Parse-Gram";
				PRODUCT_NAME = "$(TARGET_NAME)";
				SWIFT_EMIT_LOC_STRINGS = YES;
				TARGETED_DEVICE_FAMILY = "1,2";
			};
			name = Release;
		};
		444AF158286A504E0028EDB8 /* Debug */ = {
			isa = XCBuildConfiguration;
			baseConfigurationReference = D20838E39AFD4F19D76F720C /* Pods-Parse GramTests.debug.xcconfig */;
			buildSettings = {
				BUNDLE_LOADER = "$(TEST_HOST)";
				CODE_SIGN_STYLE = Automatic;
				CURRENT_PROJECT_VERSION = 1;
				GENERATE_INFOPLIST_FILE = YES;
				IPHONEOS_DEPLOYMENT_TARGET = 15.5;
				MARKETING_VERSION = 1.0;
				PRODUCT_BUNDLE_IDENTIFIER = "com.codepath.Parse-GramTests";
				PRODUCT_NAME = "$(TARGET_NAME)";
				SWIFT_EMIT_LOC_STRINGS = NO;
				TARGETED_DEVICE_FAMILY = "1,2";
				TEST_HOST = "$(BUILT_PRODUCTS_DIR)/Parse Gram.app/Parse Gram";
			};
			name = Debug;
		};
		444AF159286A504E0028EDB8 /* Release */ = {
			isa = XCBuildConfiguration;
			baseConfigurationReference = 6DE14F3ACFA514BD1397A05B /* Pods-Parse GramTests.release.xcconfig */;
			buildSettings = {
				BUNDLE_LOADER = "$(TEST_HOST)";
				CODE_SIGN_STYLE = Automatic;
				CURRENT_PROJECT_VERSION = 1;
				GENERATE_INFOPLIST_FILE = YES;
				IPHONEOS_DEPLOYMENT_TARGET = 15.5;
				MARKETING_VERSION = 1.0;
				PRODUCT_BUNDLE_IDENTIFIER = "com.codepath.Parse-GramTests";
				PRODUCT_NAME = "$(TARGET_NAME)";
				SWIFT_EMIT_LOC_STRINGS = NO;
				TARGETED_DEVICE_FAMILY = "1,2";
				TEST_HOST = "$(BUILT_PRODUCTS_DIR)/Parse Gram.app/Parse Gram";
			};
			name = Release;
		};
		444AF15B286A504E0028EDB8 /* Debug */ = {
			isa = XCBuildConfiguration;
			baseConfigurationReference = 4A409BCC08C94BDDE505C559 /* Pods-Parse Gram-Parse GramUITests.debug.xcconfig */;
			buildSettings = {
				CODE_SIGN_STYLE = Automatic;
				CURRENT_PROJECT_VERSION = 1;
				GENERATE_INFOPLIST_FILE = YES;
				MARKETING_VERSION = 1.0;
				PRODUCT_BUNDLE_IDENTIFIER = "com.codepath.Parse-GramUITests";
				PRODUCT_NAME = "$(TARGET_NAME)";
				SWIFT_EMIT_LOC_STRINGS = NO;
				TARGETED_DEVICE_FAMILY = "1,2";
				TEST_TARGET_NAME = "Parse Gram";
			};
			name = Debug;
		};
		444AF15C286A504E0028EDB8 /* Release */ = {
			isa = XCBuildConfiguration;
			baseConfigurationReference = 75F3AC8137955EDF1AC48C16 /* Pods-Parse Gram-Parse GramUITests.release.xcconfig */;
			buildSettings = {
				CODE_SIGN_STYLE = Automatic;
				CURRENT_PROJECT_VERSION = 1;
				GENERATE_INFOPLIST_FILE = YES;
				MARKETING_VERSION = 1.0;
				PRODUCT_BUNDLE_IDENTIFIER = "com.codepath.Parse-GramUITests";
				PRODUCT_NAME = "$(TARGET_NAME)";
				SWIFT_EMIT_LOC_STRINGS = NO;
				TARGETED_DEVICE_FAMILY = "1,2";
				TEST_TARGET_NAME = "Parse Gram";
			};
			name = Release;
		};
/* End XCBuildConfiguration section */

/* Begin XCConfigurationList section */
		444AF120286A504D0028EDB8 /* Build configuration list for PBXProject "Parse Gram" */ = {
			isa = XCConfigurationList;
			buildConfigurations = (
				444AF152286A504E0028EDB8 /* Debug */,
				444AF153286A504E0028EDB8 /* Release */,
			);
			defaultConfigurationIsVisible = 0;
			defaultConfigurationName = Release;
		};
		444AF154286A504E0028EDB8 /* Build configuration list for PBXNativeTarget "Parse Gram" */ = {
			isa = XCConfigurationList;
			buildConfigurations = (
				444AF155286A504E0028EDB8 /* Debug */,
				444AF156286A504E0028EDB8 /* Release */,
			);
			defaultConfigurationIsVisible = 0;
			defaultConfigurationName = Release;
		};
		444AF157286A504E0028EDB8 /* Build configuration list for PBXNativeTarget "Parse GramTests" */ = {
			isa = XCConfigurationList;
			buildConfigurations = (
				444AF158286A504E0028EDB8 /* Debug */,
				444AF159286A504E0028EDB8 /* Release */,
			);
			defaultConfigurationIsVisible = 0;
			defaultConfigurationName = Release;
		};
		444AF15A286A504E0028EDB8 /* Build configuration list for PBXNativeTarget "Parse GramUITests" */ = {
			isa = XCConfigurationList;
			buildConfigurations = (
				444AF15B286A504E0028EDB8 /* Debug */,
				444AF15C286A504E0028EDB8 /* Release */,
			);
			defaultConfigurationIsVisible = 0;
			defaultConfigurationName = Release;
		};
/* End XCConfigurationList section */
	};
	rootObject = 444AF11D286A504D0028EDB8 /* Project object */;
}
